
Microsoft Visual Studio Solution File, Format Version 12.00
# Visual Studio 15
VisualStudioVersion = 15.0.27703.2018
MinimumVisualStudioVersion = 10.0.40219.1
Project("{FAE04EC0-301F-11D3-BF4B-00C04F79EFBC}") = "bmb.Android", "bmb\bmb.Android\bmb.Android.csproj", "{F7FD3E4F-B46B-40B3-9FB5-C62FA6A174C2}"
EndProject
Project("{FAE04EC0-301F-11D3-BF4B-00C04F79EFBC}") = "bmb.iOS", "bmb\bmb.iOS\bmb.iOS.csproj", "{D2232ECA-0B2C-4778-9363-9B17748E0D9D}"
EndProject
Project("{FAE04EC0-301F-11D3-BF4B-00C04F79EFBC}") = "bmb", "bmb\bmb\bmb.csproj", "{AC3AB3A7-8E3D-4498-8B63-2EE7EB2E926D}"
EndProject
Global
	GlobalSection(SolutionConfigurationPlatforms) = preSolution
		Ad-Hoc|Any CPU = Ad-Hoc|Any CPU
		Ad-Hoc|iPhone = Ad-Hoc|iPhone
		Ad-Hoc|iPhoneSimulator = Ad-Hoc|iPhoneSimulator
		AppStore|Any CPU = AppStore|Any CPU
		AppStore|iPhone = AppStore|iPhone
		AppStore|iPhoneSimulator = AppStore|iPhoneSimulator
		Debug|Any CPU = Debug|Any CPU
		Debug|iPhone = Debug|iPhone
		Debug|iPhoneSimulator = Debug|iPhoneSimulator
		Release|Any CPU = Release|Any CPU
		Release|iPhone = Release|iPhone
		Release|iPhoneSimulator = Release|iPhoneSimulator
	EndGlobalSection
	GlobalSection(ProjectConfigurationPlatforms) = postSolution
		{F7FD3E4F-B46B-40B3-9FB5-C62FA6A174C2}.Ad-Hoc|Any CPU.ActiveCfg = Release|Any CPU
		{F7FD3E4F-B46B-40B3-9FB5-C62FA6A174C2}.Ad-Hoc|Any CPU.Build.0 = Release|Any CPU
		{F7FD3E4F-B46B-40B3-9FB5-C62FA6A174C2}.Ad-Hoc|Any CPU.Deploy.0 = Release|Any CPU
		{F7FD3E4F-B46B-40B3-9FB5-C62FA6A174C2}.Ad-Hoc|iPhone.ActiveCfg = Release|Any CPU
		{F7FD3E4F-B46B-40B3-9FB5-C62FA6A174C2}.Ad-Hoc|iPhone.Build.0 = Release|Any CPU
		{F7FD3E4F-B46B-40B3-9FB5-C62FA6A174C2}.Ad-Hoc|iPhone.Deploy.0 = Release|Any CPU
		{F7FD3E4F-B46B-40B3-9FB5-C62FA6A174C2}.Ad-Hoc|iPhoneSimulator.ActiveCfg = Release|Any CPU
		{F7FD3E4F-B46B-40B3-9FB5-C62FA6A174C2}.Ad-Hoc|iPhoneSimulator.Build.0 = Release|Any CPU
		{F7FD3E4F-B46B-40B3-9FB5-C62FA6A174C2}.Ad-Hoc|iPhoneSimulator.Deploy.0 = Release|Any CPU
		{F7FD3E4F-B46B-40B3-9FB5-C62FA6A174C2}.AppStore|Any CPU.ActiveCfg = Release|Any CPU
		{F7FD3E4F-B46B-40B3-9FB5-C62FA6A174C2}.AppStore|Any CPU.Build.0 = Release|Any CPU
		{F7FD3E4F-B46B-40B3-9FB5-C62FA6A174C2}.AppStore|Any CPU.Deploy.0 = Release|Any CPU
		{F7FD3E4F-B46B-40B3-9FB5-C62FA6A174C2}.AppStore|iPhone.ActiveCfg = Release|Any CPU
		{F7FD3E4F-B46B-40B3-9FB5-C62FA6A174C2}.AppStore|iPhone.Build.0 = Release|Any CPU
		{F7FD3E4F-B46B-40B3-9FB5-C62FA6A174C2}.AppStore|iPhone.Deploy.0 = Release|Any CPU
		{F7FD3E4F-B46B-40B3-9FB5-C62FA6A174C2}.AppStore|iPhoneSimulator.ActiveCfg = Release|Any CPU
		{F7FD3E4F-B46B-40B3-9FB5-C62FA6A174C2}.AppStore|iPhoneSimulator.Build.0 = Release|Any CPU
		{F7FD3E4F-B46B-40B3-9FB5-C62FA6A174C2}.AppStore|iPhoneSimulator.Deploy.0 = Release|Any CPU
		{F7FD3E4F-B46B-40B3-9FB5-C62FA6A174C2}.Debug|Any CPU.ActiveCfg = Debug|Any CPU
		{F7FD3E4F-B46B-40B3-9FB5-C62FA6A174C2}.Debug|Any CPU.Build.0 = Debug|Any CPU
		{F7FD3E4F-B46B-40B3-9FB5-C62FA6A174C2}.Debug|Any CPU.Deploy.0 = Debug|Any CPU
		{F7FD3E4F-B46B-40B3-9FB5-C62FA6A174C2}.Debug|iPhone.ActiveCfg = Debug|Any CPU
		{F7FD3E4F-B46B-40B3-9FB5-C62FA6A174C2}.Debug|iPhone.Build.0 = Debug|Any CPU
		{F7FD3E4F-B46B-40B3-9FB5-C62FA6A174C2}.Debug|iPhone.Deploy.0 = Debug|Any CPU
		{F7FD3E4F-B46B-40B3-9FB5-C62FA6A174C2}.Debug|iPhoneSimulator.ActiveCfg = Debug|Any CPU
		{F7FD3E4F-B46B-40B3-9FB5-C62FA6A174C2}.Debug|iPhoneSimulator.Build.0 = Debug|Any CPU
		{F7FD3E4F-B46B-40B3-9FB5-C62FA6A174C2}.Debug|iPhoneSimulator.Deploy.0 = Debug|Any CPU
		{F7FD3E4F-B46B-40B3-9FB5-C62FA6A174C2}.Release|Any CPU.ActiveCfg = Release|Any CPU
		{F7FD3E4F-B46B-40B3-9FB5-C62FA6A174C2}.Release|Any CPU.Build.0 = Release|Any CPU
		{F7FD3E4F-B46B-40B3-9FB5-C62FA6A174C2}.Release|Any CPU.Deploy.0 = Release|Any CPU
		{F7FD3E4F-B46B-40B3-9FB5-C62FA6A174C2}.Release|iPhone.ActiveCfg = Release|Any CPU
		{F7FD3E4F-B46B-40B3-9FB5-C62FA6A174C2}.Release|iPhone.Build.0 = Release|Any CPU
		{F7FD3E4F-B46B-40B3-9FB5-C62FA6A174C2}.Release|iPhone.Deploy.0 = Release|Any CPU
		{F7FD3E4F-B46B-40B3-9FB5-C62FA6A174C2}.Release|iPhoneSimulator.ActiveCfg = Release|Any CPU
		{F7FD3E4F-B46B-40B3-9FB5-C62FA6A174C2}.Release|iPhoneSimulator.Build.0 = Release|Any CPU
		{F7FD3E4F-B46B-40B3-9FB5-C62FA6A174C2}.Release|iPhoneSimulator.Deploy.0 = Release|Any CPU
		{D2232ECA-0B2C-4778-9363-9B17748E0D9D}.Ad-Hoc|Any CPU.ActiveCfg = Ad-Hoc|iPhone
		{D2232ECA-0B2C-4778-9363-9B17748E0D9D}.Ad-Hoc|Any CPU.Build.0 = Ad-Hoc|iPhone
		{D2232ECA-0B2C-4778-9363-9B17748E0D9D}.Ad-Hoc|Any CPU.Deploy.0 = Ad-Hoc|iPhone
		{D2232ECA-0B2C-4778-9363-9B17748E0D9D}.Ad-Hoc|iPhone.ActiveCfg = Ad-Hoc|iPhone
		{D2232ECA-0B2C-4778-9363-9B17748E0D9D}.Ad-Hoc|iPhone.Build.0 = Ad-Hoc|iPhone
		{D2232ECA-0B2C-4778-9363-9B17748E0D9D}.Ad-Hoc|iPhone.Deploy.0 = Ad-Hoc|iPhone
		{D2232ECA-0B2C-4778-9363-9B17748E0D9D}.Ad-Hoc|iPhoneSimulator.ActiveCfg = Ad-Hoc|iPhoneSimulator
		{D2232ECA-0B2C-4778-9363-9B17748E0D9D}.Ad-Hoc|iPhoneSimulator.Build.0 = Ad-Hoc|iPhoneSimulator
		{D2232ECA-0B2C-4778-9363-9B17748E0D9D}.Ad-Hoc|iPhoneSimulator.Deploy.0 = Ad-Hoc|iPhoneSimulator
		{D2232ECA-0B2C-4778-9363-9B17748E0D9D}.AppStore|Any CPU.ActiveCfg = AppStore|iPhone
		{D2232ECA-0B2C-4778-9363-9B17748E0D9D}.AppStore|Any CPU.Build.0 = AppStore|iPhone
		{D2232ECA-0B2C-4778-9363-9B17748E0D9D}.AppStore|Any CPU.Deploy.0 = AppStore|iPhone
		{D2232ECA-0B2C-4778-9363-9B17748E0D9D}.AppStore|iPhone.ActiveCfg = AppStore|iPhone
		{D2232ECA-0B2C-4778-9363-9B17748E0D9D}.AppStore|iPhone.Build.0 = AppStore|iPhone
		{D2232ECA-0B2C-4778-9363-9B17748E0D9D}.AppStore|iPhone.Deploy.0 = AppStore|iPhone
		{D2232ECA-0B2C-4778-9363-9B17748E0D9D}.AppStore|iPhoneSimulator.ActiveCfg = AppStore|iPhoneSimulator
		{D2232ECA-0B2C-4778-9363-9B17748E0D9D}.AppStore|iPhoneSimulator.Build.0 = AppStore|iPhoneSimulator
		{D2232ECA-0B2C-4778-9363-9B17748E0D9D}.AppStore|iPhoneSimulator.Deploy.0 = AppStore|iPhoneSimulator
		{D2232ECA-0B2C-4778-9363-9B17748E0D9D}.Debug|Any CPU.ActiveCfg = Debug|iPhoneSimulator
		{D2232ECA-0B2C-4778-9363-9B17748E0D9D}.Debug|Any CPU.Build.0 = Debug|iPhoneSimulator
		{D2232ECA-0B2C-4778-9363-9B17748E0D9D}.Debug|Any CPU.Deploy.0 = Debug|iPhoneSimulator
		{D2232ECA-0B2C-4778-9363-9B17748E0D9D}.Debug|iPhone.ActiveCfg = Debug|iPhone
		{D2232ECA-0B2C-4778-9363-9B17748E0D9D}.Debug|iPhone.Build.0 = Debug|iPhone
		{D2232ECA-0B2C-4778-9363-9B17748E0D9D}.Debug|iPhone.Deploy.0 = Debug|iPhone
		{D2232ECA-0B2C-4778-9363-9B17748E0D9D}.Debug|iPhoneSimulator.ActiveCfg = Debug|iPhoneSimulator
		{D2232ECA-0B2C-4778-9363-9B17748E0D9D}.Debug|iPhoneSimulator.Build.0 = Debug|iPhoneSimulator
		{D2232ECA-0B2C-4778-9363-9B17748E0D9D}.Debug|iPhoneSimulator.Deploy.0 = Debug|iPhoneSimulator
		{D2232ECA-0B2C-4778-9363-9B17748E0D9D}.Release|Any CPU.ActiveCfg = Release|iPhone
		{D2232ECA-0B2C-4778-9363-9B17748E0D9D}.Release|Any CPU.Build.0 = Release|iPhone
		{D2232ECA-0B2C-4778-9363-9B17748E0D9D}.Release|Any CPU.Deploy.0 = Release|iPhone
		{D2232ECA-0B2C-4778-9363-9B17748E0D9D}.Release|iPhone.ActiveCfg = Release|iPhone
		{D2232ECA-0B2C-4778-9363-9B17748E0D9D}.Release|iPhone.Build.0 = Release|iPhone
		{D2232ECA-0B2C-4778-9363-9B17748E0D9D}.Release|iPhone.Deploy.0 = Release|iPhone
		{D2232ECA-0B2C-4778-9363-9B17748E0D9D}.Release|iPhoneSimulator.ActiveCfg = Release|iPhoneSimulator
		{D2232ECA-0B2C-4778-9363-9B17748E0D9D}.Release|iPhoneSimulator.Build.0 = Release|iPhoneSimulator
		{D2232ECA-0B2C-4778-9363-9B17748E0D9D}.Release|iPhoneSimulator.Deploy.0 = Release|iPhoneSimulator
		{AC3AB3A7-8E3D-4498-8B63-2EE7EB2E926D}.Ad-Hoc|Any CPU.ActiveCfg = Debug|Any CPU
		{AC3AB3A7-8E3D-4498-8B63-2EE7EB2E926D}.Ad-Hoc|Any CPU.Build.0 = Debug|Any CPU
		{AC3AB3A7-8E3D-4498-8B63-2EE7EB2E926D}.Ad-Hoc|Any CPU.Deploy.0 = Debug|Any CPU
		{AC3AB3A7-8E3D-4498-8B63-2EE7EB2E926D}.Ad-Hoc|iPhone.ActiveCfg = Debug|Any CPU
		{AC3AB3A7-8E3D-4498-8B63-2EE7EB2E926D}.Ad-Hoc|iPhone.Build.0 = Debug|Any CPU
		{AC3AB3A7-8E3D-4498-8B63-2EE7EB2E926D}.Ad-Hoc|iPhone.Deploy.0 = Debug|Any CPU
		{AC3AB3A7-8E3D-4498-8B63-2EE7EB2E926D}.Ad-Hoc|iPhoneSimulator.ActiveCfg = Debug|Any CPU
		{AC3AB3A7-8E3D-4498-8B63-2EE7EB2E926D}.Ad-Hoc|iPhoneSimulator.Build.0 = Debug|Any CPU
		{AC3AB3A7-8E3D-4498-8B63-2EE7EB2E926D}.Ad-Hoc|iPhoneSimulator.Deploy.0 = Debug|Any CPU
		{AC3AB3A7-8E3D-4498-8B63-2EE7EB2E926D}.AppStore|Any CPU.ActiveCfg = Debug|Any CPU
		{AC3AB3A7-8E3D-4498-8B63-2EE7EB2E926D}.AppStore|Any CPU.Build.0 = Debug|Any CPU
		{AC3AB3A7-8E3D-4498-8B63-2EE7EB2E926D}.AppStore|Any CPU.Deploy.0 = Debug|Any CPU
		{AC3AB3A7-8E3D-4498-8B63-2EE7EB2E926D}.AppStore|iPhone.ActiveCfg = Debug|Any CPU
		{AC3AB3A7-8E3D-4498-8B63-2EE7EB2E926D}.AppStore|iPhone.Build.0 = Debug|Any CPU
		{AC3AB3A7-8E3D-4498-8B63-2EE7EB2E926D}.AppStore|iPhone.Deploy.0 = Debug|Any CPU
		{AC3AB3A7-8E3D-4498-8B63-2EE7EB2E926D}.AppStore|iPhoneSimulator.ActiveCfg = Debug|Any CPU
		{AC3AB3A7-8E3D-4498-8B63-2EE7EB2E926D}.AppStore|iPhoneSimulator.Build.0 = Debug|Any CPU
		{AC3AB3A7-8E3D-4498-8B63-2EE7EB2E926D}.AppStore|iPhoneSimulator.Deploy.0 = Debug|Any CPU
		{AC3AB3A7-8E3D-4498-8B63-2EE7EB2E926D}.Debug|Any CPU.ActiveCfg = Debug|Any CPU
		{AC3AB3A7-8E3D-4498-8B63-2EE7EB2E926D}.Debug|Any CPU.Build.0 = Debug|Any CPU
		{AC3AB3A7-8E3D-4498-8B63-2EE7EB2E926D}.Debug|Any CPU.Deploy.0 = Debug|Any CPU
		{AC3AB3A7-8E3D-4498-8B63-2EE7EB2E926D}.Debug|iPhone.ActiveCfg = Debug|Any CPU
		{AC3AB3A7-8E3D-4498-8B63-2EE7EB2E926D}.Debug|iPhone.Build.0 = Debug|Any CPU
		{AC3AB3A7-8E3D-4498-8B63-2EE7EB2E926D}.Debug|iPhone.Deploy.0 = Debug|Any CPU
		{AC3AB3A7-8E3D-4498-8B63-2EE7EB2E926D}.Debug|iPhoneSimulator.ActiveCfg = Debug|Any CPU
		{AC3AB3A7-8E3D-4498-8B63-2EE7EB2E926D}.Debug|iPhoneSimulator.Build.0 = Debug|Any CPU
		{AC3AB3A7-8E3D-4498-8B63-2EE7EB2E926D}.Debug|iPhoneSimulator.Deploy.0 = Debug|Any CPU
		{AC3AB3A7-8E3D-4498-8B63-2EE7EB2E926D}.Release|Any CPU.ActiveCfg = Release|Any CPU
		{AC3AB3A7-8E3D-4498-8B63-2EE7EB2E926D}.Release|Any CPU.Build.0 = Release|Any CPU
		{AC3AB3A7-8E3D-4498-8B63-2EE7EB2E926D}.Release|Any CPU.Deploy.0 = Release|Any CPU
		{AC3AB3A7-8E3D-4498-8B63-2EE7EB2E926D}.Release|iPhone.ActiveCfg = Release|Any CPU
		{AC3AB3A7-8E3D-4498-8B63-2EE7EB2E926D}.Release|iPhone.Build.0 = Release|Any CPU
		{AC3AB3A7-8E3D-4498-8B63-2EE7EB2E926D}.Release|iPhone.Deploy.0 = Release|Any CPU
		{AC3AB3A7-8E3D-4498-8B63-2EE7EB2E926D}.Release|iPhoneSimulator.ActiveCfg = Release|Any CPU
		{AC3AB3A7-8E3D-4498-8B63-2EE7EB2E926D}.Release|iPhoneSimulator.Build.0 = Release|Any CPU
		{AC3AB3A7-8E3D-4498-8B63-2EE7EB2E926D}.Release|iPhoneSimulator.Deploy.0 = Release|Any CPU
	EndGlobalSection
	GlobalSection(SolutionProperties) = preSolution
		HideSolutionNode = FALSE
	EndGlobalSection
	GlobalSection(ExtensibilityGlobals) = postSolution
		SolutionGuid = {A4D0A776-0BFE-4545-8DA8-7E3FEAC9CED7}
	EndGlobalSection
EndGlobal
